# @generated - this file is auto-generated by `mise lock` https://mise.jdx.dev/dev-tools/mise-lock.html

[[tools.uv]]
version = "0.9.10"
backend = "aqua:astral-sh/uv"

[tools.uv."platforms.linux-arm64"]
checksum = "sha256:9dda17fe2261a16ce0d267617e5898b9678ba6c5f1c8528b7fe48d32d839f427"
url = "https://github.com/astral-sh/uv/releases/download/0.9.10/uv-aarch64-unknown-linux-musl.tar.gz"

[tools.uv."platforms.linux-arm64-musl"]
checksum = "sha256:9dda17fe2261a16ce0d267617e5898b9678ba6c5f1c8528b7fe48d32d839f427"
url = "https://github.com/astral-sh/uv/releases/download/0.9.10/uv-aarch64-unknown-linux-musl.tar.gz"

[tools.uv."platforms.linux-x64"]
checksum = "sha256:e614681a150d52446eb8f4cf34f90b5d42b609bd1f2615da049449d795bfe5b4"
url = "https://github.com/astral-sh/uv/releases/download/0.9.10/uv-x86_64-unknown-linux-musl.tar.gz"

[tools.uv."platforms.linux-x64-musl"]
checksum = "sha256:e614681a150d52446eb8f4cf34f90b5d42b609bd1f2615da049449d795bfe5b4"
url = "https://github.com/astral-sh/uv/releases/download/0.9.10/uv-x86_64-unknown-linux-musl.tar.gz"

[tools.uv."platforms.macos-arm64"]
checksum = "sha256:af171d5a4eb1c502819de32740aa811ff71851b1f5ec2d8bd0dda302ed9554c2"
url = "https://github.com/astral-sh/uv/releases/download/0.9.10/uv-aarch64-apple-darwin.tar.gz"

[tools.uv."platforms.macos-x64"]
checksum = "sha256:0e395aad905332bb106f8bb05575ed001de34e9627a4c455a2f6b9475957719e"
url = "https://github.com/astral-sh/uv/releases/download/0.9.10/uv-x86_64-apple-darwin.tar.gz"

[tools.uv."platforms.windows-x64"]
checksum = "sha256:bf5a9bb171e90bc612c7acebfb560693d04dba1d1009c297b83da23155218607"
url = "https://github.com/astral-sh/uv/releases/download/0.9.10/uv-x86_64-pc-windows-msvc.zip"
